
Microsoft Visual Studio Solution File, Format Version 11.00
# Visual Studio 2010
Project("{8BC9CEB8-8B4A-11D0-8D11-00A0C91BC942}") = "quick_sorting", "quick_sorting\quick_sorting.vcxproj", "{58DAC058-4499-4218-B4D8-761322805286}"
EndProject
Global
	GlobalSection(SolutionConfigurationPlatforms) = preSolution
		Debug|Win32 = Debug|Win32
		Release|Win32 = Release|Win32
	EndGlobalSection
	GlobalSection(ProjectConfigurationPlatforms) = postSolution
		{58DAC058-4499-4218-B4D8-761322805286}.Debug|Win32.ActiveCfg = Debug|Win32
		{58DAC058-4499-4218-B4D8-761322805286}.Debug|Win32.Build.0 = Debug|Win32
		{58DAC058-4499-4218-B4D8-761322805286}.Release|Win32.ActiveCfg = Release|Win32
		{58DAC058-4499-4218-B4D8-761322805286}.Release|Win32.Build.0 = Release|Win32
	EndGlobalSection
	GlobalSection(SolutionProperties) = preSolution
		HideSolutionNode = FALSE
	EndGlobalSection
EndGlobal
